
Microsoft Visual Studio Solution File, Format Version 12.00
# Visual Studio Version 16
VisualStudioVersion = 16.0.30104.148
MinimumVisualStudioVersion = 10.0.40219.1
Project("{FAE04EC0-301F-11D3-BF4B-00C04F79EFBC}") = "WebsiteGS_Shop", "WebsiteGS_Shop\WebsiteGS_Shop.csproj", "{3BF3BB50-90B2-4815-B9BA-7C300A4BE1DD}"
EndProject
Global
	GlobalSection(SolutionConfigurationPlatforms) = preSolution
		Debug|Any CPU = Debug|Any CPU
		Release|Any CPU = Release|Any CPU
	EndGlobalSection
	GlobalSection(ProjectConfigurationPlatforms) = postSolution
		{3BF3BB50-90B2-4815-B9BA-7C300A4BE1DD}.Debug|Any CPU.ActiveCfg = Debug|Any CPU
		{3BF3BB50-90B2-4815-B9BA-7C300A4BE1DD}.Debug|Any CPU.Build.0 = Debug|Any CPU
		{3BF3BB50-90B2-4815-B9BA-7C300A4BE1DD}.Release|Any CPU.ActiveCfg = Release|Any CPU
		{3BF3BB50-90B2-4815-B9BA-7C300A4BE1DD}.Release|Any CPU.Build.0 = Release|Any CPU
	EndGlobalSection
	GlobalSection(SolutionProperties) = preSolution
		HideSolutionNode = FALSE
	EndGlobalSection
	GlobalSection(ExtensibilityGlobals) = postSolution
		SolutionGuid = {8EFFAF10-C581-4BDC-A3EB-5232AF15867F}
	EndGlobalSection
EndGlobal
